// !$*UTF8*$!
{
	archiveVersion = 1;
	classes = {
	};
	objectVersion = 50;
	objects = {

/* Begin PBXBuildFile section */
		2505B8AB21459DFF0030BC8B /* AppDelegate.swift in Sources */ = {isa = PBXBuildFile; fileRef = 2505B8AA21459DFF0030BC8B /* AppDelegate.swift */; };
		2505B8AD21459DFF0030BC8B /* ViewController.swift in Sources */ = {isa = PBXBuildFile; fileRef = 2505B8AC21459DFF0030BC8B /* ViewController.swift */; };
		2505B8B021459DFF0030BC8B /* Main.storyboard in Resources */ = {isa = PBXBuildFile; fileRef = 2505B8AE21459DFF0030BC8B /* Main.storyboard */; };
		2505B8B321459DFF0030BC8B /* GeneratedPackList.xcdatamodeld in Sources */ = {isa = PBXBuildFile; fileRef = 2505B8B121459DFF0030BC8B /* GeneratedPackList.xcdatamodeld */; };
		2505B8B521459E010030BC8B /* Assets.xcassets in Resources */ = {isa = PBXBuildFile; fileRef = 2505B8B421459E010030BC8B /* Assets.xcassets */; };
		2505B8B821459E010030BC8B /* LaunchScreen.storyboard in Resources */ = {isa = PBXBuildFile; fileRef = 2505B8B621459E010030BC8B /* LaunchScreen.storyboard */; };
		251E8F7321656B9D008BE85D /* MyLists.swift in Sources */ = {isa = PBXBuildFile; fileRef = 251E8F7221656B9D008BE85D /* MyLists.swift */; };
		251E8F7B21663CED008BE85D /* GoogleService-Info.plist in Resources */ = {isa = PBXBuildFile; fileRef = 251E8F7A21663CED008BE85D /* GoogleService-Info.plist */; };
		255794F2214AF79A005CF14D /* ListView.swift in Sources */ = {isa = PBXBuildFile; fileRef = 255794F1214AF79A005CF14D /* ListView.swift */; };
		2561E2C321497DDA0019223E /* ReasonUI.swift in Sources */ = {isa = PBXBuildFile; fileRef = 2561E2C221497DDA0019223E /* ReasonUI.swift */; };
		2561E2C52149A5F00019223E /* WhatClimate.swift in Sources */ = {isa = PBXBuildFile; fileRef = 2561E2C42149A5F00019223E /* WhatClimate.swift */; };
		2561E2C7214A686D0019223E /* TravelLength.swift in Sources */ = {isa = PBXBuildFile; fileRef = 2561E2C6214A686D0019223E /* TravelLength.swift */; };
		6AC9F2CB2F573E8CD21512C4 /* Pods_GeneratedPackListUITests.framework in Frameworks */ = {isa = PBXBuildFile; fileRef = 2CB23D2F888B090A804E9DEE /* Pods_GeneratedPackListUITests.framework */; };
		78DAA42758C82927B7F7BEC2 /* Pods_GeneratedPackList.framework in Frameworks */ = {isa = PBXBuildFile; fileRef = AB7A2F777B6295C15DBE2D9E /* Pods_GeneratedPackList.framework */; };
		C3BA45310B14A5AC2B2BE3EF /* Pods_GeneratedPackListTests.framework in Frameworks */ = {isa = PBXBuildFile; fileRef = FA69C8580ED86C1D2BA32370 /* Pods_GeneratedPackListTests.framework */; };
/* End PBXBuildFile section */

/* Begin PBXContainerItemProxy section */
		2505B8BF21459E020030BC8B /* PBXContainerItemProxy */ = {
			isa = PBXContainerItemProxy;
			containerPortal = 2505B89F21459DFF0030BC8B /* Project object */;
			proxyType = 1;
			remoteGlobalIDString = 2505B8A621459DFF0030BC8B;
			remoteInfo = GeneratedPackList;
		};
		2505B8CA21459E020030BC8B /* PBXContainerItemProxy */ = {
			isa = PBXContainerItemProxy;
			containerPortal = 2505B89F21459DFF0030BC8B /* Project object */;
			proxyType = 1;
			remoteGlobalIDString = 2505B8A621459DFF0030BC8B;
			remoteInfo = GeneratedPackList;
		};
/* End PBXContainerItemProxy section */

/* Begin PBXFileReference section */
		2505B8A721459DFF0030BC8B /* GeneratedPackList.app */ = {isa = PBXFileReference; explicitFileType = wrapper.application; includeInIndex = 0; path = GeneratedPackList.app; sourceTree = BUILT_PRODUCTS_DIR; };
		2505B8AA21459DFF0030BC8B /* AppDelegate.swift */ = {isa = PBXFileReference; lastKnownFileType = sourcecode.swift; path = AppDelegate.swift; sourceTree = "<group>"; };
		2505B8AC21459DFF0030BC8B /* ViewController.swift */ = {isa = PBXFileReference; lastKnownFileType = sourcecode.swift; path = ViewController.swift; sourceTree = "<group>"; };
		2505B8AF21459DFF0030BC8B /* Base */ = {isa = PBXFileReference; lastKnownFileType = file.storyboard; name = Base; path = Base.lproj/Main.storyboard; sourceTree = "<group>"; };
		2505B8B221459DFF0030BC8B /* GeneratedPackList.xcdatamodel */ = {isa = PBXFileReference; lastKnownFileType = wrapper.xcdatamodel; path = GeneratedPackList.xcdatamodel; sourceTree = "<group>"; };
		2505B8B421459E010030BC8B /* Assets.xcassets */ = {isa = PBXFileReference; lastKnownFileType = folder.assetcatalog; path = Assets.xcassets; sourceTree = "<group>"; };
		2505B8B721459E010030BC8B /* Base */ = {isa = PBXFileReference; lastKnownFileType = file.storyboard; name = Base; path = Base.lproj/LaunchScreen.storyboard; sourceTree = "<group>"; };
		2505B8B921459E010030BC8B /* Info.plist */ = {isa = PBXFileReference; lastKnownFileType = text.plist.xml; path = Info.plist; sourceTree = "<group>"; };
		2505B8BE21459E020030BC8B /* GeneratedPackListTests.xctest */ = {isa = PBXFileReference; explicitFileType = wrapper.cfbundle; includeInIndex = 0; path = GeneratedPackListTests.xctest; sourceTree = BUILT_PRODUCTS_DIR; };
		2505B8C921459E020030BC8B /* GeneratedPackListUITests.xctest */ = {isa = PBXFileReference; explicitFileType = wrapper.cfbundle; includeInIndex = 0; path = GeneratedPackListUITests.xctest; sourceTree = BUILT_PRODUCTS_DIR; };
		251E8F7221656B9D008BE85D /* MyLists.swift */ = {isa = PBXFileReference; lastKnownFileType = sourcecode.swift; path = MyLists.swift; sourceTree = "<group>"; };
		251E8F7A21663CED008BE85D /* GoogleService-Info.plist */ = {isa = PBXFileReference; fileEncoding = 4; lastKnownFileType = text.plist.xml; path = "GoogleService-Info.plist"; sourceTree = "<group>"; };
		255794F1214AF79A005CF14D /* ListView.swift */ = {isa = PBXFileReference; lastKnownFileType = sourcecode.swift; path = ListView.swift; sourceTree = "<group>"; };
		2561E2C221497DDA0019223E /* ReasonUI.swift */ = {isa = PBXFileReference; lastKnownFileType = sourcecode.swift; path = ReasonUI.swift; sourceTree = "<group>"; };
		2561E2C42149A5F00019223E /* WhatClimate.swift */ = {isa = PBXFileReference; lastKnownFileType = sourcecode.swift; path = WhatClimate.swift; sourceTree = "<group>"; };
		2561E2C6214A686D0019223E /* TravelLength.swift */ = {isa = PBXFileReference; lastKnownFileType = sourcecode.swift; path = TravelLength.swift; sourceTree = "<group>"; };
		2CB23D2F888B090A804E9DEE /* Pods_GeneratedPackListUITests.framework */ = {isa = PBXFileReference; explicitFileType = wrapper.framework; includeInIndex = 0; path = Pods_GeneratedPackListUITests.framework; sourceTree = BUILT_PRODUCTS_DIR; };
		4E37073B07B7F7E0101E5F13 /* Pods-GeneratedPackListUITests.release.xcconfig */ = {isa = PBXFileReference; includeInIndex = 1; lastKnownFileType = text.xcconfig; name = "Pods-GeneratedPackListUITests.release.xcconfig"; path = "Pods/Target Support Files/Pods-GeneratedPackListUITests/Pods-GeneratedPackListUITests.release.xcconfig"; sourceTree = "<group>"; };
		7862C53B1B768ABB48D34D08 /* Pods-GeneratedPackListTests.release.xcconfig */ = {isa = PBXFileReference; includeInIndex = 1; lastKnownFileType = text.xcconfig; name = "Pods-GeneratedPackListTests.release.xcconfig"; path = "Pods/Target Support Files/Pods-GeneratedPackListTests/Pods-GeneratedPackListTests.release.xcconfig"; sourceTree = "<group>"; };
		8AC90EC2057FDFD322FF1EF8 /* Pods-GeneratedPackListTests.debug.xcconfig */ = {isa = PBXFileReference; includeInIndex = 1; lastKnownFileType = text.xcconfig; name = "Pods-GeneratedPackListTests.debug.xcconfig"; path = "Pods/Target Support Files/Pods-GeneratedPackListTests/Pods-GeneratedPackListTests.debug.xcconfig"; sourceTree = "<group>"; };
		9BCD08A0451113E07C09BD93 /* Pods-GeneratedPackList.release.xcconfig */ = {isa = PBXFileReference; includeInIndex = 1; lastKnownFileType = text.xcconfig; name = "Pods-GeneratedPackList.release.xcconfig"; path = "Pods/Target Support Files/Pods-GeneratedPackList/Pods-GeneratedPackList.release.xcconfig"; sourceTree = "<group>"; };
		A3DA1311C74EF293DAC1D3B5 /* Pods-GeneratedPackList.debug.xcconfig */ = {isa = PBXFileReference; includeInIndex = 1; lastKnownFileType = text.xcconfig; name = "Pods-GeneratedPackList.debug.xcconfig"; path = "Pods/Target Support Files/Pods-GeneratedPackList/Pods-GeneratedPackList.debug.xcconfig"; sourceTree = "<group>"; };
		AB7A2F777B6295C15DBE2D9E /* Pods_GeneratedPackList.framework */ = {isa = PBXFileReference; explicitFileType = wrapper.framework; includeInIndex = 0; path = Pods_GeneratedPackList.framework; sourceTree = BUILT_PRODUCTS_DIR; };
		C2029C473567FE4C96CA6527 /* Pods-GeneratedPackListUITests.debug.xcconfig */ = {isa = PBXFileReference; includeInIndex = 1; lastKnownFileType = text.xcconfig; name = "Pods-GeneratedPackListUITests.debug.xcconfig"; path = "Pods/Target Support Files/Pods-GeneratedPackListUITests/Pods-GeneratedPackListUITests.debug.xcconfig"; sourceTree = "<group>"; };
		FA69C8580ED86C1D2BA32370 /* Pods_GeneratedPackListTests.framework */ = {isa = PBXFileReference; explicitFileType = wrapper.framework; includeInIndex = 0; path = Pods_GeneratedPackListTests.framework; sourceTree = BUILT_PRODUCTS_DIR; };
/* End PBXFileReference section */

/* Begin PBXFrameworksBuildPhase section */
		2505B8A421459DFF0030BC8B /* Frameworks */ = {
			isa = PBXFrameworksBuildPhase;
			buildActionMask = 2147483647;
			files = (
				78DAA42758C82927B7F7BEC2 /* Pods_GeneratedPackList.framework in Frameworks */,
			);
			runOnlyForDeploymentPostprocessing = 0;
		};
		2505B8BB21459E020030BC8B /* Frameworks */ = {
			isa = PBXFrameworksBuildPhase;
			buildActionMask = 2147483647;
			files = (
				C3BA45310B14A5AC2B2BE3EF /* Pods_GeneratedPackListTests.framework in Frameworks */,
			);
			runOnlyForDeploymentPostprocessing = 0;
		};
		2505B8C621459E020030BC8B /* Frameworks */ = {
			isa = PBXFrameworksBuildPhase;
			buildActionMask = 2147483647;
			files = (
				6AC9F2CB2F573E8CD21512C4 /* Pods_GeneratedPackListUITests.framework in Frameworks */,
			);
			runOnlyForDeploymentPostprocessing = 0;
		};
/* End PBXFrameworksBuildPhase section */

/* Begin PBXGroup section */
		2505B89E21459DFF0030BC8B = {
			isa = PBXGroup;
			children = (
				2505B8A921459DFF0030BC8B /* GeneratedPackList */,
				2505B8A821459DFF0030BC8B /* Products */,
				EF8456A1888256CF0C8A570B /* Pods */,
				378FC1867C49C93A4DAAFD0B /* Frameworks */,
			);
			sourceTree = "<group>";
		};
		2505B8A821459DFF0030BC8B /* Products */ = {
			isa = PBXGroup;
			children = (
				2505B8A721459DFF0030BC8B /* GeneratedPackList.app */,
				2505B8BE21459E020030BC8B /* GeneratedPackListTests.xctest */,
				2505B8C921459E020030BC8B /* GeneratedPackListUITests.xctest */,
			);
			name = Products;
			sourceTree = "<group>";
		};
		2505B8A921459DFF0030BC8B /* GeneratedPackList */ = {
			isa = PBXGroup;
			children = (
				2561E2C6214A686D0019223E /* TravelLength.swift */,
				2505B8AA21459DFF0030BC8B /* AppDelegate.swift */,
				2505B8AC21459DFF0030BC8B /* ViewController.swift */,
				2561E2C42149A5F00019223E /* WhatClimate.swift */,
				2561E2C221497DDA0019223E /* ReasonUI.swift */,
				255794F1214AF79A005CF14D /* ListView.swift */,
				251E8F7221656B9D008BE85D /* MyLists.swift */,
				2505B8AE21459DFF0030BC8B /* Main.storyboard */,
				2505B8B421459E010030BC8B /* Assets.xcassets */,
				2505B8B621459E010030BC8B /* LaunchScreen.storyboard */,
				2505B8B921459E010030BC8B /* Info.plist */,
				2505B8B121459DFF0030BC8B /* GeneratedPackList.xcdatamodeld */,
				251E8F7A21663CED008BE85D /* GoogleService-Info.plist */,
			);
			path = GeneratedPackList;
			sourceTree = "<group>";
		};
		378FC1867C49C93A4DAAFD0B /* Frameworks */ = {
			isa = PBXGroup;
			children = (
				AB7A2F777B6295C15DBE2D9E /* Pods_GeneratedPackList.framework */,
				FA69C8580ED86C1D2BA32370 /* Pods_GeneratedPackListTests.framework */,
				2CB23D2F888B090A804E9DEE /* Pods_GeneratedPackListUITests.framework */,
			);
			name = Frameworks;
			sourceTree = "<group>";
		};
		EF8456A1888256CF0C8A570B /* Pods */ = {
			isa = PBXGroup;
			children = (
				A3DA1311C74EF293DAC1D3B5 /* Pods-GeneratedPackList.debug.xcconfig */,
				9BCD08A0451113E07C09BD93 /* Pods-GeneratedPackList.release.xcconfig */,
				8AC90EC2057FDFD322FF1EF8 /* Pods-GeneratedPackListTests.debug.xcconfig */,
				7862C53B1B768ABB48D34D08 /* Pods-GeneratedPackListTests.release.xcconfig */,
				C2029C473567FE4C96CA6527 /* Pods-GeneratedPackListUITests.debug.xcconfig */,
				4E37073B07B7F7E0101E5F13 /* Pods-GeneratedPackListUITests.release.xcconfig */,
			);
			name = Pods;
			sourceTree = "<group>";
		};
/* End PBXGroup section */

/* Begin PBXNativeTarget section */
		2505B8A621459DFF0030BC8B /* GeneratedPackList */ = {
			isa = PBXNativeTarget;
			buildConfigurationList = 2505B8D221459E020030BC8B /* Build configuration list for PBXNativeTarget "GeneratedPackList" */;
			buildPhases = (
				9B26621A6D8E65443A14E1D3 /* [CP] Check Pods Manifest.lock */,
				2505B8A321459DFF0030BC8B /* Sources */,
				2505B8A421459DFF0030BC8B /* Frameworks */,
				2505B8A521459DFF0030BC8B /* Resources */,
				7A4C7C83F973412D6953835A /* [CP] Embed Pods Frameworks */,
			);
			buildRules = (
			);
			dependencies = (
			);
			name = GeneratedPackList;
			productName = GeneratedPackList;
			productReference = 2505B8A721459DFF0030BC8B /* GeneratedPackList.app */;
			productType = "com.apple.product-type.application";
		};
		2505B8BD21459E020030BC8B /* GeneratedPackListTests */ = {
			isa = PBXNativeTarget;
			buildConfigurationList = 2505B8D521459E020030BC8B /* Build configuration list for PBXNativeTarget "GeneratedPackListTests" */;
			buildPhases = (
				9714DADD72C036EC16AC6680 /* [CP] Check Pods Manifest.lock */,
				2505B8BA21459E020030BC8B /* Sources */,
				2505B8BB21459E020030BC8B /* Frameworks */,
				2505B8BC21459E020030BC8B /* Resources */,
			);
			buildRules = (
			);
			dependencies = (
				2505B8C021459E020030BC8B /* PBXTargetDependency */,
			);
			name = GeneratedPackListTests;
			productName = GeneratedPackListTests;
			productReference = 2505B8BE21459E020030BC8B /* GeneratedPackListTests.xctest */;
			productType = "com.apple.product-type.bundle.unit-test";
		};
		2505B8C821459E020030BC8B /* GeneratedPackListUITests */ = {
			isa = PBXNativeTarget;
			buildConfigurationList = 2505B8D821459E020030BC8B /* Build configuration list for PBXNativeTarget "GeneratedPackListUITests" */;
			buildPhases = (
				0823A0892A7FB6CFE089408C /* [CP] Check Pods Manifest.lock */,
				2505B8C521459E020030BC8B /* Sources */,
				2505B8C621459E020030BC8B /* Frameworks */,
				2505B8C721459E020030BC8B /* Resources */,
			);
			buildRules = (
			);
			dependencies = (
				2505B8CB21459E020030BC8B /* PBXTargetDependency */,
			);
			name = GeneratedPackListUITests;
			productName = GeneratedPackListUITests;
			productReference = 2505B8C921459E020030BC8B /* GeneratedPackListUITests.xctest */;
			productType = "com.apple.product-type.bundle.ui-testing";
		};
/* End PBXNativeTarget section */

/* Begin PBXProject section */
		2505B89F21459DFF0030BC8B /* Project object */ = {
			isa = PBXProject;
			attributes = {
				LastSwiftUpdateCheck = 0940;
				LastUpgradeCheck = 0940;
				ORGANIZATIONNAME = "Marcus Thuvesen";
				TargetAttributes = {
					2505B8A621459DFF0030BC8B = {
						CreatedOnToolsVersion = 9.4.1;
					};
					2505B8BD21459E020030BC8B = {
						CreatedOnToolsVersion = 9.4.1;
						TestTargetID = 2505B8A621459DFF0030BC8B;
					};
					2505B8C821459E020030BC8B = {
						CreatedOnToolsVersion = 9.4.1;
						TestTargetID = 2505B8A621459DFF0030BC8B;
					};
				};
			};
			buildConfigurationList = 2505B8A221459DFF0030BC8B /* Build configuration list for PBXProject "GeneratedPackList" */;
			compatibilityVersion = "Xcode 9.3";
			developmentRegion = en;
			hasScannedForEncodings = 0;
			knownRegions = (
				en,
				Base,
			);
			mainGroup = 2505B89E21459DFF0030BC8B;
			productRefGroup = 2505B8A821459DFF0030BC8B /* Products */;
			projectDirPath = "";
			projectRoot = "";
			targets = (
				2505B8A621459DFF0030BC8B /* GeneratedPackList */,
				2505B8BD21459E020030BC8B /* GeneratedPackListTests */,
				2505B8C821459E020030BC8B /* GeneratedPackListUITests */,
			);
		};
/* End PBXProject section */

/* Begin PBXResourcesBuildPhase section */
		2505B8A521459DFF0030BC8B /* Resources */ = {
			isa = PBXResourcesBuildPhase;
			buildActionMask = 2147483647;
			files = (
				2505B8B821459E010030BC8B /* LaunchScreen.storyboard in Resources */,
				2505B8B521459E010030BC8B /* Assets.xcassets in Resources */,
				2505B8B021459DFF0030BC8B /* Main.storyboard in Resources */,
				251E8F7B21663CED008BE85D /* GoogleService-Info.plist in Resources */,
			);
			runOnlyForDeploymentPostprocessing = 0;
		};
		2505B8BC21459E020030BC8B /* Resources */ = {
			isa = PBXResourcesBuildPhase;
			buildActionMask = 2147483647;
			files = (
			);
			runOnlyForDeploymentPostprocessing = 0;
		};
		2505B8C721459E020030BC8B /* Resources */ = {
			isa = PBXResourcesBuildPhase;
			buildActionMask = 2147483647;
			files = (
			);
			runOnlyForDeploymentPostprocessing = 0;
		};
/* End PBXResourcesBuildPhase section */

/* Begin PBXShellScriptBuildPhase section */
		0823A0892A7FB6CFE089408C /* [CP] Check Pods Manifest.lock */ = {
			isa = PBXShellScriptBuildPhase;
			buildActionMask = 2147483647;
			files = (
			);
			inputFileListPaths = (
			);
			inputPaths = (
				"${PODS_PODFILE_DIR_PATH}/Podfile.lock",
				"${PODS_ROOT}/Manifest.lock",
			);
			name = "[CP] Check Pods Manifest.lock";
			outputFileListPaths = (
			);
			outputPaths = (
				"$(DERIVED_FILE_DIR)/Pods-GeneratedPackListUITests-checkManifestLockResult.txt",
			);
			runOnlyForDeploymentPostprocessing = 0;
			shellPath = /bin/sh;
			shellScript = "diff \"${PODS_PODFILE_DIR_PATH}/Podfile.lock\" \"${PODS_ROOT}/Manifest.lock\" > /dev/null\nif [ $? != 0 ] ; then\n    # print error to STDERR\n    echo \"error: The sandbox is not in sync with the Podfile.lock. Run 'pod install' or update your CocoaPods installation.\" >&2\n    exit 1\nfi\n# This output is used by Xcode 'outputs' to avoid re-running this script phase.\necho \"SUCCESS\" > \"${SCRIPT_OUTPUT_FILE_0}\"\n";
			showEnvVarsInLog = 0;
		};
		7A4C7C83F973412D6953835A /* [CP] Embed Pods Frameworks */ = {
			isa = PBXShellScriptBuildPhase;
			buildActionMask = 2147483647;
			files = (
			);
			inputFileListPaths = (
			);
			inputPaths = (
				"${SRCROOT}/Pods/Target Support Files/Pods-GeneratedPackList/Pods-GeneratedPackList-frameworks.sh",
				"${BUILT_PRODUCTS_DIR}/GTMSessionFetcher/GTMSessionFetcher.framework",
				"${BUILT_PRODUCTS_DIR}/GoogleUtilities/GoogleUtilities.framework",
				"${BUILT_PRODUCTS_DIR}/leveldb-library/leveldb.framework",
				"${BUILT_PRODUCTS_DIR}/nanopb/nanopb.framework",
			);
			name = "[CP] Embed Pods Frameworks";
			outputFileListPaths = (
			);
			outputPaths = (
				"${TARGET_BUILD_DIR}/${FRAMEWORKS_FOLDER_PATH}/GTMSessionFetcher.framework",
				"${TARGET_BUILD_DIR}/${FRAMEWORKS_FOLDER_PATH}/GoogleUtilities.framework",
				"${TARGET_BUILD_DIR}/${FRAMEWORKS_FOLDER_PATH}/leveldb.framework",
				"${TARGET_BUILD_DIR}/${FRAMEWORKS_FOLDER_PATH}/nanopb.framework",
			);
			runOnlyForDeploymentPostprocessing = 0;
			shellPath = /bin/sh;
			shellScript = "\"${SRCROOT}/Pods/Target Support Files/Pods-GeneratedPackList/Pods-GeneratedPackList-frameworks.sh\"\n";
			showEnvVarsInLog = 0;
		};
		9714DADD72C036EC16AC6680 /* [CP] Check Pods Manifest.lock */ = {
			isa = PBXShellScriptBuildPhase;
			buildActionMask = 2147483647;
			files = (
			);
			inputFileListPaths = (
			);
			inputPaths = (
				"${PODS_PODFILE_DIR_PATH}/Podfile.lock",
				"${PODS_ROOT}/Manifest.lock",
			);
			name = "[CP] Check Pods Manifest.lock";
			outputFileListPaths = (
			);
			outputPaths = (
				"$(DERIVED_FILE_DIR)/Pods-GeneratedPackListTests-checkManifestLockResult.txt",
			);
			runOnlyForDeploymentPostprocessing = 0;
			shellPath = /bin/sh;
			shellScript = "diff \"${PODS_PODFILE_DIR_PATH}/Podfile.lock\" \"${PODS_ROOT}/Manifest.lock\" > /dev/null\nif [ $? != 0 ] ; then\n    # print error to STDERR\n    echo \"error: The sandbox is not in sync with the Podfile.lock. Run 'pod install' or update your CocoaPods installation.\" >&2\n    exit 1\nfi\n# This output is used by Xcode 'outputs' to avoid re-running this script phase.\necho \"SUCCESS\" > \"${SCRIPT_OUTPUT_FILE_0}\"\n";
			showEnvVarsInLog = 0;
		};
		9B26621A6D8E65443A14E1D3 /* [CP] Check Pods Manifest.lock */ = {
			isa = PBXShellScriptBuildPhase;
			buildActionMask = 2147483647;
			files = (
			);
			inputFileListPaths = (
			);
			inputPaths = (
				"${PODS_PODFILE_DIR_PATH}/Podfile.lock",
				"${PODS_ROOT}/Manifest.lock",
			);
			name = "[CP] Check Pods Manifest.lock";
			outputFileListPaths = (
			);
			outputPaths = (
				"$(DERIVED_FILE_DIR)/Pods-GeneratedPackList-checkManifestLockResult.txt",
			);
			runOnlyForDeploymentPostprocessing = 0;
			shellPath = /bin/sh;
			shellScript = "diff \"${PODS_PODFILE_DIR_PATH}/Podfile.lock\" \"${PODS_ROOT}/Manifest.lock\" > /dev/null\nif [ $? != 0 ] ; then\n    # print error to STDERR\n    echo \"error: The sandbox is not in sync with the Podfile.lock. Run 'pod install' or update your CocoaPods installation.\" >&2\n    exit 1\nfi\n# This output is used by Xcode 'outputs' to avoid re-running this script phase.\necho \"SUCCESS\" > \"${SCRIPT_OUTPUT_FILE_0}\"\n";
			showEnvVarsInLog = 0;
		};
/* End PBXShellScriptBuildPhase section */

/* Begin PBXSourcesBuildPhase section */
		2505B8A321459DFF0030BC8B /* Sources */ = {
			isa = PBXSourcesBuildPhase;
			buildActionMask = 2147483647;
			files = (
				2505B8B321459DFF0030BC8B /* GeneratedPackList.xcdatamodeld in Sources */,
				2561E2C7214A686D0019223E /* TravelLength.swift in Sources */,
				2561E2C52149A5F00019223E /* WhatClimate.swift in Sources */,
				255794F2214AF79A005CF14D /* ListView.swift in Sources */,
				2505B8AD21459DFF0030BC8B /* ViewController.swift in Sources */,
				251E8F7321656B9D008BE85D /* MyLists.swift in Sources */,
				2505B8AB21459DFF0030BC8B /* AppDelegate.swift in Sources */,
				2561E2C321497DDA0019223E /* ReasonUI.swift in Sources */,
			);
			runOnlyForDeploymentPostprocessing = 0;
		};
		2505B8BA21459E020030BC8B /* Sources */ = {
			isa = PBXSourcesBuildPhase;
			buildActionMask = 2147483647;
			files = (
			);
			runOnlyForDeploymentPostprocessing = 0;
		};
		2505B8C521459E020030BC8B /* Sources */ = {
			isa = PBXSourcesBuildPhase;
			buildActionMask = 2147483647;
			files = (
			);
			runOnlyForDeploymentPostprocessing = 0;
		};
/* End PBXSourcesBuildPhase section */

/* Begin PBXTargetDependency section */
		2505B8C021459E020030BC8B /* PBXTargetDependency */ = {
			isa = PBXTargetDependency;
			target = 2505B8A621459DFF0030BC8B /* GeneratedPackList */;
			targetProxy = 2505B8BF21459E020030BC8B /* PBXContainerItemProxy */;
		};
		2505B8CB21459E020030BC8B /* PBXTargetDependency */ = {
			isa = PBXTargetDependency;
			target = 2505B8A621459DFF0030BC8B /* GeneratedPackList */;
			targetProxy = 2505B8CA21459E020030BC8B /* PBXContainerItemProxy */;
		};
/* End PBXTargetDependency section */

/* Begin PBXVariantGroup section */
		2505B8AE21459DFF0030BC8B /* Main.storyboard */ = {
			isa = PBXVariantGroup;
			children = (
				2505B8AF21459DFF0030BC8B /* Base */,
			);
			name = Main.storyboard;
			sourceTree = "<group>";
		};
		2505B8B621459E010030BC8B /* LaunchScreen.storyboard */ = {
			isa = PBXVariantGroup;
			children = (
				2505B8B721459E010030BC8B /* Base */,
			);
			name = LaunchScreen.storyboard;
			sourceTree = "<group>";
		};
/* End PBXVariantGroup section */

/* Begin XCBuildConfiguration section */
		2505B8D021459E020030BC8B /* Debug */ = {
			isa = XCBuildConfiguration;
			buildSettings = {
				ALWAYS_SEARCH_USER_PATHS = NO;
				CLANG_ANALYZER_NONNULL = YES;
				CLANG_ANALYZER_NUMBER_OBJECT_CONVERSION = YES_AGGRESSIVE;
				CLANG_CXX_LANGUAGE_STANDARD = "gnu++14";
				CLANG_CXX_LIBRARY = "libc++";
				CLANG_ENABLE_MODULES = YES;
				CLANG_ENABLE_OBJC_ARC = YES;
				CLANG_ENABLE_OBJC_WEAK = YES;
				CLANG_WARN_BLOCK_CAPTURE_AUTORELEASING = YES;
				CLANG_WARN_BOOL_CONVERSION = YES;
				CLANG_WARN_COMMA = YES;
				CLANG_WARN_CONSTANT_CONVERSION = YES;
				CLANG_WARN_DEPRECATED_OBJC_IMPLEMENTATIONS = YES;
				CLANG_WARN_DIRECT_OBJC_ISA_USAGE = YES_ERROR;
				CLANG_WARN_DOCUMENTATION_COMMENTS = YES;
				CLANG_WARN_EMPTY_BODY = YES;
				CLANG_WARN_ENUM_CONVERSION = YES;
				CLANG_WARN_INFINITE_RECURSION = YES;
				CLANG_WARN_INT_CONVERSION = YES;
				CLANG_WARN_NON_LITERAL_NULL_CONVERSION = YES;
				CLANG_WARN_OBJC_IMPLICIT_RETAIN_SELF = YES;
				CLANG_WARN_OBJC_LITERAL_CONVERSION = YES;
				CLANG_WARN_OBJC_ROOT_CLASS = YES_ERROR;
				CLANG_WARN_RANGE_LOOP_ANALYSIS = YES;
				CLANG_WARN_STRICT_PROTOTYPES = YES;
				CLANG_WARN_SUSPICIOUS_MOVE = YES;
				CLANG_WARN_UNGUARDED_AVAILABILITY = YES_AGGRESSIVE;
				CLANG_WARN_UNREACHABLE_CODE = YES;
				CLANG_WARN__DUPLICATE_METHOD_MATCH = YES;
				CODE_SIGN_IDENTITY = "iPhone Developer";
				COPY_PHASE_STRIP = NO;
				DEBUG_INFORMATION_FORMAT = dwarf;
				ENABLE_STRICT_OBJC_MSGSEND = YES;
				ENABLE_TESTABILITY = YES;
				GCC_C_LANGUAGE_STANDARD = gnu11;
				GCC_DYNAMIC_NO_PIC = NO;
				GCC_NO_COMMON_BLOCKS = YES;
				GCC_OPTIMIZATION_LEVEL = 0;
				GCC_PREPROCESSOR_DEFINITIONS = (
					"DEBUG=1",
					"$(inherited)",
				);
				GCC_WARN_64_TO_32_BIT_CONVERSION = YES;
				GCC_WARN_ABOUT_RETURN_TYPE = YES_ERROR;
				GCC_WARN_UNDECLARED_SELECTOR = YES;
				GCC_WARN_UNINITIALIZED_AUTOS = YES_AGGRESSIVE;
				GCC_WARN_UNUSED_FUNCTION = YES;
				GCC_WARN_UNUSED_VARIABLE = YES;
				IPHONEOS_DEPLOYMENT_TARGET = 11.4;
				MTL_ENABLE_DEBUG_INFO = YES;
				ONLY_ACTIVE_ARCH = YES;
				SDKROOT = iphoneos;
				SWIFT_ACTIVE_COMPILATION_CONDITIONS = DEBUG;
				SWIFT_OPTIMIZATION_LEVEL = "-Onone";
			};
			name = Debug;
		};
		2505B8D121459E020030BC8B /* Release */ = {
			isa = XCBuildConfiguration;
			buildSettings = {
				ALWAYS_SEARCH_USER_PATHS = NO;
				CLANG_ANALYZER_NONNULL = YES;
				CLANG_ANALYZER_NUMBER_OBJECT_CONVERSION = YES_AGGRESSIVE;
				CLANG_CXX_LANGUAGE_STANDARD = "gnu++14";
				CLANG_CXX_LIBRARY = "libc++";
				CLANG_ENABLE_MODULES = YES;
				CLANG_ENABLE_OBJC_ARC = YES;
				CLANG_ENABLE_OBJC_WEAK = YES;
				CLANG_WARN_BLOCK_CAPTURE_AUTORELEASING = YES;
				CLANG_WARN_BOOL_CONVERSION = YES;
				CLANG_WARN_COMMA = YES;
				CLANG_WARN_CONSTANT_CONVERSION = YES;
				CLANG_WARN_DEPRECATED_OBJC_IMPLEMENTATIONS = YES;
				CLANG_WARN_DIRECT_OBJC_ISA_USAGE = YES_ERROR;
				CLANG_WARN_DOCUMENTATION_COMMENTS = YES;
				CLANG_WARN_EMPTY_BODY = YES;
				CLANG_WARN_ENUM_CONVERSION = YES;
				CLANG_WARN_INFINITE_RECURSION = YES;
				CLANG_WARN_INT_CONVERSION = YES;
				CLANG_WARN_NON_LITERAL_NULL_CONVERSION = YES;
				CLANG_WARN_OBJC_IMPLICIT_RETAIN_SELF = YES;
				CLANG_WARN_OBJC_LITERAL_CONVERSION = YES;
				CLANG_WARN_OBJC_ROOT_CLASS = YES_ERROR;
				CLANG_WARN_RANGE_LOOP_ANALYSIS = YES;
				CLANG_WARN_STRICT_PROTOTYPES = YES;
				CLANG_WARN_SUSPICIOUS_MOVE = YES;
				CLANG_WARN_UNGUARDED_AVAILABILITY = YES_AGGRESSIVE;
				CLANG_WARN_UNREACHABLE_CODE = YES;
				CLANG_WARN__DUPLICATE_METHOD_MATCH = YES;
				CODE_SIGN_IDENTITY = "iPhone Developer";
				COPY_PHASE_STRIP = NO;
				DEBUG_INFORMATION_FORMAT = "dwarf-with-dsym";
				ENABLE_NS_ASSERTIONS = NO;
				ENABLE_STRICT_OBJC_MSGSEND = YES;
				GCC_C_LANGUAGE_STANDARD = gnu11;
				GCC_NO_COMMON_BLOCKS = YES;
				GCC_WARN_64_TO_32_BIT_CONVERSION = YES;
				GCC_WARN_ABOUT_RETURN_TYPE = YES_ERROR;
				GCC_WARN_UNDECLARED_SELECTOR = YES;
				GCC_WARN_UNINITIALIZED_AUTOS = YES_AGGRESSIVE;
				GCC_WARN_UNUSED_FUNCTION = YES;
				GCC_WARN_UNUSED_VARIABLE = YES;
				IPHONEOS_DEPLOYMENT_TARGET = 11.4;
				MTL_ENABLE_DEBUG_INFO = NO;
				SDKROOT = iphoneos;
				SWIFT_COMPILATION_MODE = wholemodule;
				SWIFT_OPTIMIZATION_LEVEL = "-O";
				VALIDATE_PRODUCT = YES;
			};
			name = Release;
		};
		2505B8D321459E020030BC8B /* Debug */ = {
			isa = XCBuildConfiguration;
			baseConfigurationReference = A3DA1311C74EF293DAC1D3B5 /* Pods-GeneratedPackList.debug.xcconfig */;
			buildSettings = {
				ASSETCATALOG_COMPILER_APPICON_NAME = AppIcon;
				CODE_SIGN_STYLE = Automatic;
				DEVELOPMENT_TEAM = 4CTKXD59TF;
				INFOPLIST_FILE = GeneratedPackList/Info.plist;
				IPHONEOS_DEPLOYMENT_TARGET = 12.0;
				LD_RUNPATH_SEARCH_PATHS = (
					"$(inherited)",
					"@executable_path/Frameworks",
				);
				PRODUCT_BUNDLE_IDENTIFIER = se.marcusthuvesen.GeneratedPackList;
				PRODUCT_NAME = "$(TARGET_NAME)";
				SWIFT_VERSION = 4.0;
				TARGETED_DEVICE_FAMILY = "1,2";
			};
			name = Debug;
		};
		2505B8D421459E020030BC8B /* Release */ = {
			isa = XCBuildConfiguration;
			baseConfigurationReference = 9BCD08A0451113E07C09BD93 /* Pods-GeneratedPackList.release.xcconfig */;
			buildSettings = {
				ASSETCATALOG_COMPILER_APPICON_NAME = AppIcon;
				CODE_SIGN_STYLE = Automatic;
				DEVELOPMENT_TEAM = 4CTKXD59TF;
				INFOPLIST_FILE = GeneratedPackList/Info.plist;
				IPHONEOS_DEPLOYMENT_TARGET = 12.0;
				LD_RUNPATH_SEARCH_PATHS = (
					"$(inherited)",
					"@executable_path/Frameworks",
				);
				PRODUCT_BUNDLE_IDENTIFIER = se.marcusthuvesen.GeneratedPackList;
				PRODUCT_NAME = "$(TARGET_NAME)";
				SWIFT_VERSION = 4.0;
				TARGETED_DEVICE_FAMILY = "1,2";
			};
			name = Release;
		};
		2505B8D621459E020030BC8B /* Debug */ = {
			isa = XCBuildConfiguration;
			baseConfigurationReference = 8AC90EC2057FDFD322FF1EF8 /* Pods-GeneratedPackListTests.debug.xcconfig */;
			buildSettings = {
				ALWAYS_EMBED_SWIFT_STANDARD_LIBRARIES = YES;
				BUNDLE_LOADER = "$(TEST_HOST)";
				CODE_SIGN_STYLE = Automatic;
				DEVELOPMENT_TEAM = 4CTKXD59TF;
				INFOPLIST_FILE = GeneratedPackListTests/Info.plist;
				LD_RUNPATH_SEARCH_PATHS = (
					"$(inherited)",
					"@executable_path/Frameworks",
					"@loader_path/Frameworks",
				);
				PRODUCT_BUNDLE_IDENTIFIER = se.marcusthuvesen.GeneratedPackListTests;
				PRODUCT_NAME = "$(TARGET_NAME)";
				SWIFT_VERSION = 4.0;
				TARGETED_DEVICE_FAMILY = "1,2";
				TEST_HOST = "$(BUILT_PRODUCTS_DIR)/GeneratedPackList.app/GeneratedPackList";
			};
			name = Debug;
		};
		2505B8D721459E020030BC8B /* Release */ = {
			isa = XCBuildConfiguration;
			baseConfigurationReference = 7862C53B1B768ABB48D34D08 /* Pods-GeneratedPackListTests.release.xcconfig */;
			buildSettings = {
				ALWAYS_EMBED_SWIFT_STANDARD_LIBRARIES = YES;
				BUNDLE_LOADER = "$(TEST_HOST)";
				CODE_SIGN_STYLE = Automatic;
				DEVELOPMENT_TEAM = 4CTKXD59TF;
				INFOPLIST_FILE = GeneratedPackListTests/Info.plist;
				LD_RUNPATH_SEARCH_PATHS = (
					"$(inherited)",
					"@executable_path/Frameworks",
					"@loader_path/Frameworks",
				);
				PRODUCT_BUNDLE_IDENTIFIER = se.marcusthuvesen.GeneratedPackListTests;
				PRODUCT_NAME = "$(TARGET_NAME)";
				SWIFT_VERSION = 4.0;
				TARGETED_DEVICE_FAMILY = "1,2";
				TEST_HOST = "$(BUILT_PRODUCTS_DIR)/GeneratedPackList.app/GeneratedPackList";
			};
			name = Release;
		};
		2505B8D921459E020030BC8B /* Debug */ = {
			isa = XCBuildConfiguration;
			baseConfigurationReference = C2029C473567FE4C96CA6527 /* Pods-GeneratedPackListUITests.debug.xcconfig */;
			buildSettings = {
				ALWAYS_EMBED_SWIFT_STANDARD_LIBRARIES = YES;
				CODE_SIGN_STYLE = Automatic;
				DEVELOPMENT_TEAM = 4CTKXD59TF;
				INFOPLIST_FILE = GeneratedPackListUITests/Info.plist;
				LD_RUNPATH_SEARCH_PATHS = (
					"$(inherited)",
					"@executable_path/Frameworks",
					"@loader_path/Frameworks",
				);
				PRODUCT_BUNDLE_IDENTIFIER = se.marcusthuvesen.GeneratedPackListUITests;
				PRODUCT_NAME = "$(TARGET_NAME)";
				SWIFT_VERSION = 4.0;
				TARGETED_DEVICE_FAMILY = "1,2";
				TEST_TARGET_NAME = GeneratedPackList;
			};
			name = Debug;
		};
		2505B8DA21459E020030BC8B /* Release */ = {
			isa = XCBuildConfiguration;
			baseConfigurationReference = 4E37073B07B7F7E0101E5F13 /* Pods-GeneratedPackListUITests.release.xcconfig */;
			buildSettings = {
				ALWAYS_EMBED_SWIFT_STANDARD_LIBRARIES = YES;
				CODE_SIGN_STYLE = Automatic;
				DEVELOPMENT_TEAM = 4CTKXD59TF;
				INFOPLIST_FILE = GeneratedPackListUITests/Info.plist;
				LD_RUNPATH_SEARCH_PATHS = (
					"$(inherited)",
					"@executable_path/Frameworks",
					"@loader_path/Frameworks",
				);
				PRODUCT_BUNDLE_IDENTIFIER = se.marcusthuvesen.GeneratedPackListUITests;
				PRODUCT_NAME = "$(TARGET_NAME)";
				SWIFT_VERSION = 4.0;
				TARGETED_DEVICE_FAMILY = "1,2";
				TEST_TARGET_NAME = GeneratedPackList;
			};
			name = Release;
		};
/* End XCBuildConfiguration section */

/* Begin XCConfigurationList section */
		2505B8A221459DFF0030BC8B /* Build configuration list for PBXProject "GeneratedPackList" */ = {
			isa = XCConfigurationList;
			buildConfigurations = (
				2505B8D021459E020030BC8B /* Debug */,
				2505B8D121459E020030BC8B /* Release */,
			);
			defaultConfigurationIsVisible = 0;
			defaultConfigurationName = Release;
		};
		2505B8D221459E020030BC8B /* Build configuration list for PBXNativeTarget "GeneratedPackList" */ = {
			isa = XCConfigurationList;
			buildConfigurations = (
				2505B8D321459E020030BC8B /* Debug */,
				2505B8D421459E020030BC8B /* Release */,
			);
			defaultConfigurationIsVisible = 0;
			defaultConfigurationName = Release;
		};
		2505B8D521459E020030BC8B /* Build configuration list for PBXNativeTarget "GeneratedPackListTests" */ = {
			isa = XCConfigurationList;
			buildConfigurations = (
				2505B8D621459E020030BC8B /* Debug */,
				2505B8D721459E020030BC8B /* Release */,
			);
			defaultConfigurationIsVisible = 0;
			defaultConfigurationName = Release;
		};
		2505B8D821459E020030BC8B /* Build configuration list for PBXNativeTarget "GeneratedPackListUITests" */ = {
			isa = XCConfigurationList;
			buildConfigurations = (
				2505B8D921459E020030BC8B /* Debug */,
				2505B8DA21459E020030BC8B /* Release */,
			);
			defaultConfigurationIsVisible = 0;
			defaultConfigurationName = Release;
		};
/* End XCConfigurationList section */

/* Begin XCVersionGroup section */
		2505B8B121459DFF0030BC8B /* GeneratedPackList.xcdatamodeld */ = {
			isa = XCVersionGroup;
			children = (
				2505B8B221459DFF0030BC8B /* GeneratedPackList.xcdatamodel */,
			);
			currentVersion = 2505B8B221459DFF0030BC8B /* GeneratedPackList.xcdatamodel */;
			path = GeneratedPackList.xcdatamodeld;
			sourceTree = "<group>";
			versionGroupType = wrapper.xcdatamodel;
		};
/* End XCVersionGroup section */
	};
	rootObject = 2505B89F21459DFF0030BC8B /* Project object */;
}
